
Microsoft Visual Studio Solution File, Format Version 12.00
# Visual Studio Version 16
VisualStudioVersion = 16.0.32602.291
MinimumVisualStudioVersion = 10.0.40219.1
Project("{FAE04EC0-301F-11D3-BF4B-00C04F79EFBC}") = "WebBanHangTan", "WebBanHang\WebBanHangTan.csproj", "{51EB423D-37D0-4C73-9265-17A39D672F44}"
EndProject
Global
	GlobalSection(SolutionConfigurationPlatforms) = preSolution
		Debug|Any CPU = Debug|Any CPU
		Release|Any CPU = Release|Any CPU
	EndGlobalSection
	GlobalSection(ProjectConfigurationPlatforms) = postSolution
		{51EB423D-37D0-4C73-9265-17A39D672F44}.Debug|Any CPU.ActiveCfg = Debug|Any CPU
		{51EB423D-37D0-4C73-9265-17A39D672F44}.Debug|Any CPU.Build.0 = Debug|Any CPU
		{51EB423D-37D0-4C73-9265-17A39D672F44}.Release|Any CPU.ActiveCfg = Release|Any CPU
		{51EB423D-37D0-4C73-9265-17A39D672F44}.Release|Any CPU.Build.0 = Release|Any CPU
	EndGlobalSection
	GlobalSection(SolutionProperties) = preSolution
		HideSolutionNode = FALSE
	EndGlobalSection
	GlobalSection(ExtensibilityGlobals) = postSolution
		SolutionGuid = {85E056AF-CEE8-497F-9C6F-EAD5F8786204}
	EndGlobalSection
EndGlobal
